
Microsoft Visual Studio Solution File, Format Version 12.00
# Visual Studio Version 17
VisualStudioVersion = 17.3.32825.248
MinimumVisualStudioVersion = 10.0.40219.1
Project("{FAE04EC0-301F-11D3-BF4B-00C04F79EFBC}") = "PostMatchStatsDiscord", "PostMatchStatsDiscord\PostMatchStatsDiscord.csproj", "{C84DF044-AF5E-440D-9C7A-B57E2F63DB23}"
EndProject
Global
	GlobalSection(SolutionConfigurationPlatforms) = preSolution
		Debug|Any CPU = Debug|Any CPU
		Release|Any CPU = Release|Any CPU
	EndGlobalSection
	GlobalSection(ProjectConfigurationPlatforms) = postSolution
		{C84DF044-AF5E-440D-9C7A-B57E2F63DB23}.Debug|Any CPU.ActiveCfg = Debug|Any CPU
		{C84DF044-AF5E-440D-9C7A-B57E2F63DB23}.Debug|Any CPU.Build.0 = Debug|Any CPU
		{C84DF044-AF5E-440D-9C7A-B57E2F63DB23}.Release|Any CPU.ActiveCfg = Release|Any CPU
		{C84DF044-AF5E-440D-9C7A-B57E2F63DB23}.Release|Any CPU.Build.0 = Release|Any CPU
	EndGlobalSection
	GlobalSection(SolutionProperties) = preSolution
		HideSolutionNode = FALSE
	EndGlobalSection
	GlobalSection(ExtensibilityGlobals) = postSolution
		SolutionGuid = {8862D4DC-C0F3-4395-8262-4579878E9CB1}
	EndGlobalSection
EndGlobal
