
Microsoft Visual Studio Solution File, Format Version 12.00
# Visual Studio Version 17
VisualStudioVersion = 17.3.32825.248
MinimumVisualStudioVersion = 10.0.40219.1
Project("{9A19103F-16F7-4668-BE54-9A1E7A4F7556}") = "Entities", "Entities\Entities.csproj", "{6748E10C-525F-424D-81CA-E7A983BFDC7C}"
EndProject
Project("{9A19103F-16F7-4668-BE54-9A1E7A4F7556}") = "Services", "Services\Services.csproj", "{A5E0B595-356A-4613-8714-0337712C8C41}"
EndProject
Project("{9A19103F-16F7-4668-BE54-9A1E7A4F7556}") = "DiscordHosted", "DiscordHosted\DiscordHosted.csproj", "{B4BE2243-12D2-4B88-BC6A-5DCB967F7A84}"
EndProject
Project("{9A19103F-16F7-4668-BE54-9A1E7A4F7556}") = "Contracts", "Contracts\Contracts.csproj", "{46BD9C6C-A8B0-4DEB-A4DC-2576C0E71D59}"
EndProject
Project("{9A19103F-16F7-4668-BE54-9A1E7A4F7556}") = "Modules", "Modules\Modules.csproj", "{B08F72AB-DDDF-4E15-BF04-3245E9867EEF}"
EndProject
Project("{FAE04EC0-301F-11D3-BF4B-00C04F79EFBC}") = "Tests", "Tests\Tests.csproj", "{B405B37C-93CB-4591-8AB9-4886EF43686F}"
EndProject
Global
	GlobalSection(SolutionConfigurationPlatforms) = preSolution
		Debug|Any CPU = Debug|Any CPU
		Release|Any CPU = Release|Any CPU
	EndGlobalSection
	GlobalSection(ProjectConfigurationPlatforms) = postSolution
		{6748E10C-525F-424D-81CA-E7A983BFDC7C}.Debug|Any CPU.ActiveCfg = Debug|Any CPU
		{6748E10C-525F-424D-81CA-E7A983BFDC7C}.Debug|Any CPU.Build.0 = Debug|Any CPU
		{6748E10C-525F-424D-81CA-E7A983BFDC7C}.Release|Any CPU.ActiveCfg = Release|Any CPU
		{6748E10C-525F-424D-81CA-E7A983BFDC7C}.Release|Any CPU.Build.0 = Release|Any CPU
		{A5E0B595-356A-4613-8714-0337712C8C41}.Debug|Any CPU.ActiveCfg = Debug|Any CPU
		{A5E0B595-356A-4613-8714-0337712C8C41}.Debug|Any CPU.Build.0 = Debug|Any CPU
		{A5E0B595-356A-4613-8714-0337712C8C41}.Release|Any CPU.ActiveCfg = Release|Any CPU
		{A5E0B595-356A-4613-8714-0337712C8C41}.Release|Any CPU.Build.0 = Release|Any CPU
		{B4BE2243-12D2-4B88-BC6A-5DCB967F7A84}.Debug|Any CPU.ActiveCfg = Debug|Any CPU
		{B4BE2243-12D2-4B88-BC6A-5DCB967F7A84}.Debug|Any CPU.Build.0 = Debug|Any CPU
		{B4BE2243-12D2-4B88-BC6A-5DCB967F7A84}.Release|Any CPU.ActiveCfg = Release|Any CPU
		{B4BE2243-12D2-4B88-BC6A-5DCB967F7A84}.Release|Any CPU.Build.0 = Release|Any CPU
		{46BD9C6C-A8B0-4DEB-A4DC-2576C0E71D59}.Debug|Any CPU.ActiveCfg = Debug|Any CPU
		{46BD9C6C-A8B0-4DEB-A4DC-2576C0E71D59}.Debug|Any CPU.Build.0 = Debug|Any CPU
		{46BD9C6C-A8B0-4DEB-A4DC-2576C0E71D59}.Release|Any CPU.ActiveCfg = Release|Any CPU
		{46BD9C6C-A8B0-4DEB-A4DC-2576C0E71D59}.Release|Any CPU.Build.0 = Release|Any CPU
		{B08F72AB-DDDF-4E15-BF04-3245E9867EEF}.Debug|Any CPU.ActiveCfg = Debug|Any CPU
		{B08F72AB-DDDF-4E15-BF04-3245E9867EEF}.Debug|Any CPU.Build.0 = Debug|Any CPU
		{B08F72AB-DDDF-4E15-BF04-3245E9867EEF}.Release|Any CPU.ActiveCfg = Release|Any CPU
		{B08F72AB-DDDF-4E15-BF04-3245E9867EEF}.Release|Any CPU.Build.0 = Release|Any CPU
		{B405B37C-93CB-4591-8AB9-4886EF43686F}.Debug|Any CPU.ActiveCfg = Debug|Any CPU
		{B405B37C-93CB-4591-8AB9-4886EF43686F}.Debug|Any CPU.Build.0 = Debug|Any CPU
		{B405B37C-93CB-4591-8AB9-4886EF43686F}.Release|Any CPU.ActiveCfg = Release|Any CPU
		{B405B37C-93CB-4591-8AB9-4886EF43686F}.Release|Any CPU.Build.0 = Release|Any CPU
	EndGlobalSection
	GlobalSection(SolutionProperties) = preSolution
		HideSolutionNode = FALSE
	EndGlobalSection
	GlobalSection(ExtensibilityGlobals) = postSolution
		SolutionGuid = {8862D4DC-C0F3-4395-8262-4579878E9CB1}
	EndGlobalSection
EndGlobal
